// !$*UTF8*$!
{
	archiveVersion = 1;
	classes = {
	};
	objectVersion = 56;
	objects = {

/* Begin PBXBuildFile section */
		A551EB6629680F5300FF4279 /* AppDelegate.swift in Sources */ = {isa = PBXBuildFile; fileRef = A551EB6529680F5300FF4279 /* AppDelegate.swift */; };
		A551EB6829680F5300FF4279 /* SceneDelegate.swift in Sources */ = {isa = PBXBuildFile; fileRef = A551EB6729680F5300FF4279 /* SceneDelegate.swift */; };
		A551EB6A29680F5300FF4279 /* ViewController.swift in Sources */ = {isa = PBXBuildFile; fileRef = A551EB6929680F5300FF4279 /* ViewController.swift */; };
		A551EB7029680F5300FF4279 /* FoodDelivery.xcdatamodeld in Sources */ = {isa = PBXBuildFile; fileRef = A551EB6E29680F5300FF4279 /* FoodDelivery.xcdatamodeld */; };
		A551EB7229680F5400FF4279 /* Assets.xcassets in Resources */ = {isa = PBXBuildFile; fileRef = A551EB7129680F5400FF4279 /* Assets.xcassets */; };
		A551EB7529680F5400FF4279 /* LaunchScreen.storyboard in Resources */ = {isa = PBXBuildFile; fileRef = A551EB7329680F5400FF4279 /* LaunchScreen.storyboard */; };
		A551EB8029680F5500FF4279 /* FoodDeliveryTests.swift in Sources */ = {isa = PBXBuildFile; fileRef = A551EB7F29680F5500FF4279 /* FoodDeliveryTests.swift */; };
		A551EB8A29680F5500FF4279 /* FoodDeliveryUITests.swift in Sources */ = {isa = PBXBuildFile; fileRef = A551EB8929680F5500FF4279 /* FoodDeliveryUITests.swift */; };
		A551EB8C29680F5500FF4279 /* FoodDeliveryUITestsLaunchTests.swift in Sources */ = {isa = PBXBuildFile; fileRef = A551EB8B29680F5500FF4279 /* FoodDeliveryUITestsLaunchTests.swift */; };
		A551EB9B29680F9A00FF4279 /* Ftux.storyboard in Resources */ = {isa = PBXBuildFile; fileRef = A551EB9A29680F9A00FF4279 /* Ftux.storyboard */; };
		A551EB9D296813EE00FF4279 /* FtuxViewController.swift in Sources */ = {isa = PBXBuildFile; fileRef = A551EB9C296813EE00FF4279 /* FtuxViewController.swift */; };
/* End PBXBuildFile section */

/* Begin PBXContainerItemProxy section */
		A551EB7C29680F5500FF4279 /* PBXContainerItemProxy */ = {
			isa = PBXContainerItemProxy;
			containerPortal = A551EB5A29680F5300FF4279 /* Project object */;
			proxyType = 1;
			remoteGlobalIDString = A551EB6129680F5300FF4279;
			remoteInfo = FoodDelivery;
		};
		A551EB8629680F5500FF4279 /* PBXContainerItemProxy */ = {
			isa = PBXContainerItemProxy;
			containerPortal = A551EB5A29680F5300FF4279 /* Project object */;
			proxyType = 1;
			remoteGlobalIDString = A551EB6129680F5300FF4279;
			remoteInfo = FoodDelivery;
		};
/* End PBXContainerItemProxy section */

/* Begin PBXFileReference section */
		A551EB6229680F5300FF4279 /* FoodDelivery.app */ = {isa = PBXFileReference; explicitFileType = wrapper.application; includeInIndex = 0; path = FoodDelivery.app; sourceTree = BUILT_PRODUCTS_DIR; };
		A551EB6529680F5300FF4279 /* AppDelegate.swift */ = {isa = PBXFileReference; lastKnownFileType = sourcecode.swift; path = AppDelegate.swift; sourceTree = "<group>"; };
		A551EB6729680F5300FF4279 /* SceneDelegate.swift */ = {isa = PBXFileReference; lastKnownFileType = sourcecode.swift; path = SceneDelegate.swift; sourceTree = "<group>"; };
		A551EB6929680F5300FF4279 /* ViewController.swift */ = {isa = PBXFileReference; lastKnownFileType = sourcecode.swift; path = ViewController.swift; sourceTree = "<group>"; };
		A551EB6F29680F5300FF4279 /* FoodDelivery.xcdatamodel */ = {isa = PBXFileReference; lastKnownFileType = wrapper.xcdatamodel; path = FoodDelivery.xcdatamodel; sourceTree = "<group>"; };
		A551EB7129680F5400FF4279 /* Assets.xcassets */ = {isa = PBXFileReference; lastKnownFileType = folder.assetcatalog; path = Assets.xcassets; sourceTree = "<group>"; };
		A551EB7429680F5400FF4279 /* Base */ = {isa = PBXFileReference; lastKnownFileType = file.storyboard; name = Base; path = Base.lproj/LaunchScreen.storyboard; sourceTree = "<group>"; };
		A551EB7629680F5400FF4279 /* Info.plist */ = {isa = PBXFileReference; lastKnownFileType = text.plist.xml; path = Info.plist; sourceTree = "<group>"; };
		A551EB7B29680F5500FF4279 /* FoodDeliveryTests.xctest */ = {isa = PBXFileReference; explicitFileType = wrapper.cfbundle; includeInIndex = 0; path = FoodDeliveryTests.xctest; sourceTree = BUILT_PRODUCTS_DIR; };
		A551EB7F29680F5500FF4279 /* FoodDeliveryTests.swift */ = {isa = PBXFileReference; lastKnownFileType = sourcecode.swift; path = FoodDeliveryTests.swift; sourceTree = "<group>"; };
		A551EB8529680F5500FF4279 /* FoodDeliveryUITests.xctest */ = {isa = PBXFileReference; explicitFileType = wrapper.cfbundle; includeInIndex = 0; path = FoodDeliveryUITests.xctest; sourceTree = BUILT_PRODUCTS_DIR; };
		A551EB8929680F5500FF4279 /* FoodDeliveryUITests.swift */ = {isa = PBXFileReference; lastKnownFileType = sourcecode.swift; path = FoodDeliveryUITests.swift; sourceTree = "<group>"; };
		A551EB8B29680F5500FF4279 /* FoodDeliveryUITestsLaunchTests.swift */ = {isa = PBXFileReference; lastKnownFileType = sourcecode.swift; path = FoodDeliveryUITestsLaunchTests.swift; sourceTree = "<group>"; };
		A551EB9A29680F9A00FF4279 /* Ftux.storyboard */ = {isa = PBXFileReference; lastKnownFileType = file.storyboard; path = Ftux.storyboard; sourceTree = "<group>"; };
		A551EB9C296813EE00FF4279 /* FtuxViewController.swift */ = {isa = PBXFileReference; lastKnownFileType = sourcecode.swift; path = FtuxViewController.swift; sourceTree = "<group>"; };
/* End PBXFileReference section */

/* Begin PBXFrameworksBuildPhase section */
		A551EB5F29680F5300FF4279 /* Frameworks */ = {
			isa = PBXFrameworksBuildPhase;
			buildActionMask = 2147483647;
			files = (
			);
			runOnlyForDeploymentPostprocessing = 0;
		};
		A551EB7829680F5500FF4279 /* Frameworks */ = {
			isa = PBXFrameworksBuildPhase;
			buildActionMask = 2147483647;
			files = (
			);
			runOnlyForDeploymentPostprocessing = 0;
		};
		A551EB8229680F5500FF4279 /* Frameworks */ = {
			isa = PBXFrameworksBuildPhase;
			buildActionMask = 2147483647;
			files = (
			);
			runOnlyForDeploymentPostprocessing = 0;
		};
/* End PBXFrameworksBuildPhase section */

/* Begin PBXGroup section */
		A551EB5929680F5300FF4279 = {
			isa = PBXGroup;
			children = (
				A551EB6429680F5300FF4279 /* FoodDelivery */,
				A551EB7E29680F5500FF4279 /* FoodDeliveryTests */,
				A551EB8829680F5500FF4279 /* FoodDeliveryUITests */,
				A551EB6329680F5300FF4279 /* Products */,
			);
			sourceTree = "<group>";
		};
		A551EB6329680F5300FF4279 /* Products */ = {
			isa = PBXGroup;
			children = (
				A551EB6229680F5300FF4279 /* FoodDelivery.app */,
				A551EB7B29680F5500FF4279 /* FoodDeliveryTests.xctest */,
				A551EB8529680F5500FF4279 /* FoodDeliveryUITests.xctest */,
			);
			name = Products;
			sourceTree = "<group>";
		};
		A551EB6429680F5300FF4279 /* FoodDelivery */ = {
			isa = PBXGroup;
			children = (
				A551EB9829680F7100FF4279 /* Module */,
				A551EB6529680F5300FF4279 /* AppDelegate.swift */,
				A551EB6729680F5300FF4279 /* SceneDelegate.swift */,
				A551EB6929680F5300FF4279 /* ViewController.swift */,
				A551EB7129680F5400FF4279 /* Assets.xcassets */,
				A551EB7329680F5400FF4279 /* LaunchScreen.storyboard */,
				A551EB7629680F5400FF4279 /* Info.plist */,
				A551EB6E29680F5300FF4279 /* FoodDelivery.xcdatamodeld */,
			);
			path = FoodDelivery;
			sourceTree = "<group>";
		};
		A551EB7E29680F5500FF4279 /* FoodDeliveryTests */ = {
			isa = PBXGroup;
			children = (
				A551EB7F29680F5500FF4279 /* FoodDeliveryTests.swift */,
			);
			path = FoodDeliveryTests;
			sourceTree = "<group>";
		};
		A551EB8829680F5500FF4279 /* FoodDeliveryUITests */ = {
			isa = PBXGroup;
			children = (
				A551EB8929680F5500FF4279 /* FoodDeliveryUITests.swift */,
				A551EB8B29680F5500FF4279 /* FoodDeliveryUITestsLaunchTests.swift */,
			);
			path = FoodDeliveryUITests;
			sourceTree = "<group>";
		};
		A551EB9829680F7100FF4279 /* Module */ = {
			isa = PBXGroup;
			children = (
				A551EB9929680F7A00FF4279 /* Ftux */,
			);
			path = Module;
			sourceTree = "<group>";
		};
		A551EB9929680F7A00FF4279 /* Ftux */ = {
			isa = PBXGroup;
			children = (
				A551EB9A29680F9A00FF4279 /* Ftux.storyboard */,
				A551EB9C296813EE00FF4279 /* FtuxViewController.swift */,
			);
			path = Ftux;
			sourceTree = "<group>";
		};
/* End PBXGroup section */

/* Begin PBXNativeTarget section */
		A551EB6129680F5300FF4279 /* FoodDelivery */ = {
			isa = PBXNativeTarget;
			buildConfigurationList = A551EB8F29680F5500FF4279 /* Build configuration list for PBXNativeTarget "FoodDelivery" */;
			buildPhases = (
				A551EB5E29680F5300FF4279 /* Sources */,
				A551EB5F29680F5300FF4279 /* Frameworks */,
				A551EB6029680F5300FF4279 /* Resources */,
			);
			buildRules = (
			);
			dependencies = (
			);
			name = FoodDelivery;
			productName = FoodDelivery;
			productReference = A551EB6229680F5300FF4279 /* FoodDelivery.app */;
			productType = "com.apple.product-type.application";
		};
		A551EB7A29680F5500FF4279 /* FoodDeliveryTests */ = {
			isa = PBXNativeTarget;
			buildConfigurationList = A551EB9229680F5500FF4279 /* Build configuration list for PBXNativeTarget "FoodDeliveryTests" */;
			buildPhases = (
				A551EB7729680F5500FF4279 /* Sources */,
				A551EB7829680F5500FF4279 /* Frameworks */,
				A551EB7929680F5500FF4279 /* Resources */,
			);
			buildRules = (
			);
			dependencies = (
				A551EB7D29680F5500FF4279 /* PBXTargetDependency */,
			);
			name = FoodDeliveryTests;
			productName = FoodDeliveryTests;
			productReference = A551EB7B29680F5500FF4279 /* FoodDeliveryTests.xctest */;
			productType = "com.apple.product-type.bundle.unit-test";
		};
		A551EB8429680F5500FF4279 /* FoodDeliveryUITests */ = {
			isa = PBXNativeTarget;
			buildConfigurationList = A551EB9529680F5500FF4279 /* Build configuration list for PBXNativeTarget "FoodDeliveryUITests" */;
			buildPhases = (
				A551EB8129680F5500FF4279 /* Sources */,
				A551EB8229680F5500FF4279 /* Frameworks */,
				A551EB8329680F5500FF4279 /* Resources */,
			);
			buildRules = (
			);
			dependencies = (
				A551EB8729680F5500FF4279 /* PBXTargetDependency */,
			);
			name = FoodDeliveryUITests;
			productName = FoodDeliveryUITests;
			productReference = A551EB8529680F5500FF4279 /* FoodDeliveryUITests.xctest */;
			productType = "com.apple.product-type.bundle.ui-testing";
		};
/* End PBXNativeTarget section */

/* Begin PBXProject section */
		A551EB5A29680F5300FF4279 /* Project object */ = {
			isa = PBXProject;
			attributes = {
				BuildIndependentTargetsInParallel = 1;
				LastSwiftUpdateCheck = 1420;
				LastUpgradeCheck = 1420;
				TargetAttributes = {
					A551EB6129680F5300FF4279 = {
						CreatedOnToolsVersion = 14.2;
					};
					A551EB7A29680F5500FF4279 = {
						CreatedOnToolsVersion = 14.2;
						TestTargetID = A551EB6129680F5300FF4279;
					};
					A551EB8429680F5500FF4279 = {
						CreatedOnToolsVersion = 14.2;
						TestTargetID = A551EB6129680F5300FF4279;
					};
				};
			};
			buildConfigurationList = A551EB5D29680F5300FF4279 /* Build configuration list for PBXProject "FoodDelivery" */;
			compatibilityVersion = "Xcode 14.0";
			developmentRegion = en;
			hasScannedForEncodings = 0;
			knownRegions = (
				en,
				Base,
			);
			mainGroup = A551EB5929680F5300FF4279;
			productRefGroup = A551EB6329680F5300FF4279 /* Products */;
			projectDirPath = "";
			projectRoot = "";
			targets = (
				A551EB6129680F5300FF4279 /* FoodDelivery */,
				A551EB7A29680F5500FF4279 /* FoodDeliveryTests */,
				A551EB8429680F5500FF4279 /* FoodDeliveryUITests */,
			);
		};
/* End PBXProject section */

/* Begin PBXResourcesBuildPhase section */
		A551EB6029680F5300FF4279 /* Resources */ = {
			isa = PBXResourcesBuildPhase;
			buildActionMask = 2147483647;
			files = (
				A551EB7529680F5400FF4279 /* LaunchScreen.storyboard in Resources */,
				A551EB9B29680F9A00FF4279 /* Ftux.storyboard in Resources */,
				A551EB7229680F5400FF4279 /* Assets.xcassets in Resources */,
			);
			runOnlyForDeploymentPostprocessing = 0;
		};
		A551EB7929680F5500FF4279 /* Resources */ = {
			isa = PBXResourcesBuildPhase;
			buildActionMask = 2147483647;
			files = (
			);
			runOnlyForDeploymentPostprocessing = 0;
		};
		A551EB8329680F5500FF4279 /* Resources */ = {
			isa = PBXResourcesBuildPhase;
			buildActionMask = 2147483647;
			files = (
			);
			runOnlyForDeploymentPostprocessing = 0;
		};
/* End PBXResourcesBuildPhase section */

/* Begin PBXSourcesBuildPhase section */
		A551EB5E29680F5300FF4279 /* Sources */ = {
			isa = PBXSourcesBuildPhase;
			buildActionMask = 2147483647;
			files = (
				A551EB9D296813EE00FF4279 /* FtuxViewController.swift in Sources */,
				A551EB6A29680F5300FF4279 /* ViewController.swift in Sources */,
				A551EB7029680F5300FF4279 /* FoodDelivery.xcdatamodeld in Sources */,
				A551EB6629680F5300FF4279 /* AppDelegate.swift in Sources */,
				A551EB6829680F5300FF4279 /* SceneDelegate.swift in Sources */,
			);
			runOnlyForDeploymentPostprocessing = 0;
		};
		A551EB7729680F5500FF4279 /* Sources */ = {
			isa = PBXSourcesBuildPhase;
			buildActionMask = 2147483647;
			files = (
				A551EB8029680F5500FF4279 /* FoodDeliveryTests.swift in Sources */,
			);
			runOnlyForDeploymentPostprocessing = 0;
		};
		A551EB8129680F5500FF4279 /* Sources */ = {
			isa = PBXSourcesBuildPhase;
			buildActionMask = 2147483647;
			files = (
				A551EB8C29680F5500FF4279 /* FoodDeliveryUITestsLaunchTests.swift in Sources */,
				A551EB8A29680F5500FF4279 /* FoodDeliveryUITests.swift in Sources */,
			);
			runOnlyForDeploymentPostprocessing = 0;
		};
/* End PBXSourcesBuildPhase section */

/* Begin PBXTargetDependency section */
		A551EB7D29680F5500FF4279 /* PBXTargetDependency */ = {
			isa = PBXTargetDependency;
			target = A551EB6129680F5300FF4279 /* FoodDelivery */;
			targetProxy = A551EB7C29680F5500FF4279 /* PBXContainerItemProxy */;
		};
		A551EB8729680F5500FF4279 /* PBXTargetDependency */ = {
			isa = PBXTargetDependency;
			target = A551EB6129680F5300FF4279 /* FoodDelivery */;
			targetProxy = A551EB8629680F5500FF4279 /* PBXContainerItemProxy */;
		};
/* End PBXTargetDependency section */

/* Begin PBXVariantGroup section */
		A551EB7329680F5400FF4279 /* LaunchScreen.storyboard */ = {
			isa = PBXVariantGroup;
			children = (
				A551EB7429680F5400FF4279 /* Base */,
			);
			name = LaunchScreen.storyboard;
			sourceTree = "<group>";
		};
/* End PBXVariantGroup section */

/* Begin XCBuildConfiguration section */
		A551EB8D29680F5500FF4279 /* Debug */ = {
			isa = XCBuildConfiguration;
			buildSettings = {
				ALWAYS_SEARCH_USER_PATHS = NO;
				CLANG_ANALYZER_NONNULL = YES;
				CLANG_ANALYZER_NUMBER_OBJECT_CONVERSION = YES_AGGRESSIVE;
				CLANG_CXX_LANGUAGE_STANDARD = "gnu++20";
				CLANG_ENABLE_MODULES = YES;
				CLANG_ENABLE_OBJC_ARC = YES;
				CLANG_ENABLE_OBJC_WEAK = YES;
				CLANG_WARN_BLOCK_CAPTURE_AUTORELEASING = YES;
				CLANG_WARN_BOOL_CONVERSION = YES;
				CLANG_WARN_COMMA = YES;
				CLANG_WARN_CONSTANT_CONVERSION = YES;
				CLANG_WARN_DEPRECATED_OBJC_IMPLEMENTATIONS = YES;
				CLANG_WARN_DIRECT_OBJC_ISA_USAGE = YES_ERROR;
				CLANG_WARN_DOCUMENTATION_COMMENTS = YES;
				CLANG_WARN_EMPTY_BODY = YES;
				CLANG_WARN_ENUM_CONVERSION = YES;
				CLANG_WARN_INFINITE_RECURSION = YES;
				CLANG_WARN_INT_CONVERSION = YES;
				CLANG_WARN_NON_LITERAL_NULL_CONVERSION = YES;
				CLANG_WARN_OBJC_IMPLICIT_RETAIN_SELF = YES;
				CLANG_WARN_OBJC_LITERAL_CONVERSION = YES;
				CLANG_WARN_OBJC_ROOT_CLASS = YES_ERROR;
				CLANG_WARN_QUOTED_INCLUDE_IN_FRAMEWORK_HEADER = YES;
				CLANG_WARN_RANGE_LOOP_ANALYSIS = YES;
				CLANG_WARN_STRICT_PROTOTYPES = YES;
				CLANG_WARN_SUSPICIOUS_MOVE = YES;
				CLANG_WARN_UNGUARDED_AVAILABILITY = YES_AGGRESSIVE;
				CLANG_WARN_UNREACHABLE_CODE = YES;
				CLANG_WARN__DUPLICATE_METHOD_MATCH = YES;
				COPY_PHASE_STRIP = NO;
				DEBUG_INFORMATION_FORMAT = dwarf;
				ENABLE_STRICT_OBJC_MSGSEND = YES;
				ENABLE_TESTABILITY = YES;
				GCC_C_LANGUAGE_STANDARD = gnu11;
				GCC_DYNAMIC_NO_PIC = NO;
				GCC_NO_COMMON_BLOCKS = YES;
				GCC_OPTIMIZATION_LEVEL = 0;
				GCC_PREPROCESSOR_DEFINITIONS = (
					"DEBUG=1",
					"$(inherited)",
				);
				GCC_WARN_64_TO_32_BIT_CONVERSION = YES;
				GCC_WARN_ABOUT_RETURN_TYPE = YES_ERROR;
				GCC_WARN_UNDECLARED_SELECTOR = YES;
				GCC_WARN_UNINITIALIZED_AUTOS = YES_AGGRESSIVE;
				GCC_WARN_UNUSED_FUNCTION = YES;
				GCC_WARN_UNUSED_VARIABLE = YES;
				IPHONEOS_DEPLOYMENT_TARGET = 16.2;
				MTL_ENABLE_DEBUG_INFO = INCLUDE_SOURCE;
				MTL_FAST_MATH = YES;
				ONLY_ACTIVE_ARCH = YES;
				SDKROOT = iphoneos;
				SWIFT_ACTIVE_COMPILATION_CONDITIONS = DEBUG;
				SWIFT_OPTIMIZATION_LEVEL = "-Onone";
			};
			name = Debug;
		};
		A551EB8E29680F5500FF4279 /* Release */ = {
			isa = XCBuildConfiguration;
			buildSettings = {
				ALWAYS_SEARCH_USER_PATHS = NO;
				CLANG_ANALYZER_NONNULL = YES;
				CLANG_ANALYZER_NUMBER_OBJECT_CONVERSION = YES_AGGRESSIVE;
				CLANG_CXX_LANGUAGE_STANDARD = "gnu++20";
				CLANG_ENABLE_MODULES = YES;
				CLANG_ENABLE_OBJC_ARC = YES;
				CLANG_ENABLE_OBJC_WEAK = YES;
				CLANG_WARN_BLOCK_CAPTURE_AUTORELEASING = YES;
				CLANG_WARN_BOOL_CONVERSION = YES;
				CLANG_WARN_COMMA = YES;
				CLANG_WARN_CONSTANT_CONVERSION = YES;
				CLANG_WARN_DEPRECATED_OBJC_IMPLEMENTATIONS = YES;
				CLANG_WARN_DIRECT_OBJC_ISA_USAGE = YES_ERROR;
				CLANG_WARN_DOCUMENTATION_COMMENTS = YES;
				CLANG_WARN_EMPTY_BODY = YES;
				CLANG_WARN_ENUM_CONVERSION = YES;
				CLANG_WARN_INFINITE_RECURSION = YES;
				CLANG_WARN_INT_CONVERSION = YES;
				CLANG_WARN_NON_LITERAL_NULL_CONVERSION = YES;
				CLANG_WARN_OBJC_IMPLICIT_RETAIN_SELF = YES;
				CLANG_WARN_OBJC_LITERAL_CONVERSION = YES;
				CLANG_WARN_OBJC_ROOT_CLASS = YES_ERROR;
				CLANG_WARN_QUOTED_INCLUDE_IN_FRAMEWORK_HEADER = YES;
				CLANG_WARN_RANGE_LOOP_ANALYSIS = YES;
				CLANG_WARN_STRICT_PROTOTYPES = YES;
				CLANG_WARN_SUSPICIOUS_MOVE = YES;
				CLANG_WARN_UNGUARDED_AVAILABILITY = YES_AGGRESSIVE;
				CLANG_WARN_UNREACHABLE_CODE = YES;
				CLANG_WARN__DUPLICATE_METHOD_MATCH = YES;
				COPY_PHASE_STRIP = NO;
				DEBUG_INFORMATION_FORMAT = "dwarf-with-dsym";
				ENABLE_NS_ASSERTIONS = NO;
				ENABLE_STRICT_OBJC_MSGSEND = YES;
				GCC_C_LANGUAGE_STANDARD = gnu11;
				GCC_NO_COMMON_BLOCKS = YES;
				GCC_WARN_64_TO_32_BIT_CONVERSION = YES;
				GCC_WARN_ABOUT_RETURN_TYPE = YES_ERROR;
				GCC_WARN_UNDECLARED_SELECTOR = YES;
				GCC_WARN_UNINITIALIZED_AUTOS = YES_AGGRESSIVE;
				GCC_WARN_UNUSED_FUNCTION = YES;
				GCC_WARN_UNUSED_VARIABLE = YES;
				IPHONEOS_DEPLOYMENT_TARGET = 16.2;
				MTL_ENABLE_DEBUG_INFO = NO;
				MTL_FAST_MATH = YES;
				SDKROOT = iphoneos;
				SWIFT_COMPILATION_MODE = wholemodule;
				SWIFT_OPTIMIZATION_LEVEL = "-O";
				VALIDATE_PRODUCT = YES;
			};
			name = Release;
		};
		A551EB9029680F5500FF4279 /* Debug */ = {
			isa = XCBuildConfiguration;
			buildSettings = {
				ASSETCATALOG_COMPILER_APPICON_NAME = AppIcon;
				ASSETCATALOG_COMPILER_GLOBAL_ACCENT_COLOR_NAME = AccentColor;
				CODE_SIGN_STYLE = Automatic;
				CURRENT_PROJECT_VERSION = 1;
				DEVELOPMENT_TEAM = 4SN74J4HZJ;
				GENERATE_INFOPLIST_FILE = YES;
				INFOPLIST_FILE = FoodDelivery/Info.plist;
				INFOPLIST_KEY_UIApplicationSupportsIndirectInputEvents = YES;
				INFOPLIST_KEY_UILaunchStoryboardName = LaunchScreen;
				INFOPLIST_KEY_UIMainStoryboardFile = Ftux;
				INFOPLIST_KEY_UISupportedInterfaceOrientations_iPad = "UIInterfaceOrientationPortrait UIInterfaceOrientationPortraitUpsideDown UIInterfaceOrientationLandscapeLeft UIInterfaceOrientationLandscapeRight";
				INFOPLIST_KEY_UISupportedInterfaceOrientations_iPhone = "UIInterfaceOrientationPortrait UIInterfaceOrientationLandscapeLeft UIInterfaceOrientationLandscapeRight";
				LD_RUNPATH_SEARCH_PATHS = (
					"$(inherited)",
					"@executable_path/Frameworks",
				);
				MARKETING_VERSION = 1.0;
				PRODUCT_BUNDLE_IDENTIFIER = com.widdsss.FoodDelivery;
				PRODUCT_NAME = "$(TARGET_NAME)";
				SWIFT_EMIT_LOC_STRINGS = YES;
				SWIFT_VERSION = 5.0;
				TARGETED_DEVICE_FAMILY = "1,2";
			};
			name = Debug;
		};
		A551EB9129680F5500FF4279 /* Release */ = {
			isa = XCBuildConfiguration;
			buildSettings = {
				ASSETCATALOG_COMPILER_APPICON_NAME = AppIcon;
				ASSETCATALOG_COMPILER_GLOBAL_ACCENT_COLOR_NAME = AccentColor;
				CODE_SIGN_STYLE = Automatic;
				CURRENT_PROJECT_VERSION = 1;
				DEVELOPMENT_TEAM = 4SN74J4HZJ;
				GENERATE_INFOPLIST_FILE = YES;
				INFOPLIST_FILE = FoodDelivery/Info.plist;
				INFOPLIST_KEY_UIApplicationSupportsIndirectInputEvents = YES;
				INFOPLIST_KEY_UILaunchStoryboardName = LaunchScreen;
				INFOPLIST_KEY_UIMainStoryboardFile = Ftux;
				INFOPLIST_KEY_UISupportedInterfaceOrientations_iPad = "UIInterfaceOrientationPortrait UIInterfaceOrientationPortraitUpsideDown UIInterfaceOrientationLandscapeLeft UIInterfaceOrientationLandscapeRight";
				INFOPLIST_KEY_UISupportedInterfaceOrientations_iPhone = "UIInterfaceOrientationPortrait UIInterfaceOrientationLandscapeLeft UIInterfaceOrientationLandscapeRight";
				LD_RUNPATH_SEARCH_PATHS = (
					"$(inherited)",
					"@executable_path/Frameworks",
				);
				MARKETING_VERSION = 1.0;
				PRODUCT_BUNDLE_IDENTIFIER = com.widdsss.FoodDelivery;
				PRODUCT_NAME = "$(TARGET_NAME)";
				SWIFT_EMIT_LOC_STRINGS = YES;
				SWIFT_VERSION = 5.0;
				TARGETED_DEVICE_FAMILY = "1,2";
			};
			name = Release;
		};
		A551EB9329680F5500FF4279 /* Debug */ = {
			isa = XCBuildConfiguration;
			buildSettings = {
				ALWAYS_EMBED_SWIFT_STANDARD_LIBRARIES = YES;
				BUNDLE_LOADER = "$(TEST_HOST)";
				CODE_SIGN_STYLE = Automatic;
				CURRENT_PROJECT_VERSION = 1;
				DEVELOPMENT_TEAM = 4SN74J4HZJ;
				GENERATE_INFOPLIST_FILE = YES;
				IPHONEOS_DEPLOYMENT_TARGET = 16.2;
				MARKETING_VERSION = 1.0;
				PRODUCT_BUNDLE_IDENTIFIER = com.widdsss.FoodDeliveryTests;
				PRODUCT_NAME = "$(TARGET_NAME)";
				SWIFT_EMIT_LOC_STRINGS = NO;
				SWIFT_VERSION = 5.0;
				TARGETED_DEVICE_FAMILY = "1,2";
				TEST_HOST = "$(BUILT_PRODUCTS_DIR)/FoodDelivery.app/$(BUNDLE_EXECUTABLE_FOLDER_PATH)/FoodDelivery";
			};
			name = Debug;
		};
		A551EB9429680F5500FF4279 /* Release */ = {
			isa = XCBuildConfiguration;
			buildSettings = {
				ALWAYS_EMBED_SWIFT_STANDARD_LIBRARIES = YES;
				BUNDLE_LOADER = "$(TEST_HOST)";
				CODE_SIGN_STYLE = Automatic;
				CURRENT_PROJECT_VERSION = 1;
				DEVELOPMENT_TEAM = 4SN74J4HZJ;
				GENERATE_INFOPLIST_FILE = YES;
				IPHONEOS_DEPLOYMENT_TARGET = 16.2;
				MARKETING_VERSION = 1.0;
				PRODUCT_BUNDLE_IDENTIFIER = com.widdsss.FoodDeliveryTests;
				PRODUCT_NAME = "$(TARGET_NAME)";
				SWIFT_EMIT_LOC_STRINGS = NO;
				SWIFT_VERSION = 5.0;
				TARGETED_DEVICE_FAMILY = "1,2";
				TEST_HOST = "$(BUILT_PRODUCTS_DIR)/FoodDelivery.app/$(BUNDLE_EXECUTABLE_FOLDER_PATH)/FoodDelivery";
			};
			name = Release;
		};
		A551EB9629680F5500FF4279 /* Debug */ = {
			isa = XCBuildConfiguration;
			buildSettings = {
				ALWAYS_EMBED_SWIFT_STANDARD_LIBRARIES = YES;
				CODE_SIGN_STYLE = Automatic;
				CURRENT_PROJECT_VERSION = 1;
				DEVELOPMENT_TEAM = 4SN74J4HZJ;
				GENERATE_INFOPLIST_FILE = YES;
				MARKETING_VERSION = 1.0;
				PRODUCT_BUNDLE_IDENTIFIER = com.widdsss.FoodDeliveryUITests;
				PRODUCT_NAME = "$(TARGET_NAME)";
				SWIFT_EMIT_LOC_STRINGS = NO;
				SWIFT_VERSION = 5.0;
				TARGETED_DEVICE_FAMILY = "1,2";
				TEST_TARGET_NAME = FoodDelivery;
			};
			name = Debug;
		};
		A551EB9729680F5500FF4279 /* Release */ = {
			isa = XCBuildConfiguration;
			buildSettings = {
				ALWAYS_EMBED_SWIFT_STANDARD_LIBRARIES = YES;
				CODE_SIGN_STYLE = Automatic;
				CURRENT_PROJECT_VERSION = 1;
				DEVELOPMENT_TEAM = 4SN74J4HZJ;
				GENERATE_INFOPLIST_FILE = YES;
				MARKETING_VERSION = 1.0;
				PRODUCT_BUNDLE_IDENTIFIER = com.widdsss.FoodDeliveryUITests;
				PRODUCT_NAME = "$(TARGET_NAME)";
				SWIFT_EMIT_LOC_STRINGS = NO;
				SWIFT_VERSION = 5.0;
				TARGETED_DEVICE_FAMILY = "1,2";
				TEST_TARGET_NAME = FoodDelivery;
			};
			name = Release;
		};
/* End XCBuildConfiguration section */

/* Begin XCConfigurationList section */
		A551EB5D29680F5300FF4279 /* Build configuration list for PBXProject "FoodDelivery" */ = {
			isa = XCConfigurationList;
			buildConfigurations = (
				A551EB8D29680F5500FF4279 /* Debug */,
				A551EB8E29680F5500FF4279 /* Release */,
			);
			defaultConfigurationIsVisible = 0;
			defaultConfigurationName = Release;
		};
		A551EB8F29680F5500FF4279 /* Build configuration list for PBXNativeTarget "FoodDelivery" */ = {
			isa = XCConfigurationList;
			buildConfigurations = (
				A551EB9029680F5500FF4279 /* Debug */,
				A551EB9129680F5500FF4279 /* Release */,
			);
			defaultConfigurationIsVisible = 0;
			defaultConfigurationName = Release;
		};
		A551EB9229680F5500FF4279 /* Build configuration list for PBXNativeTarget "FoodDeliveryTests" */ = {
			isa = XCConfigurationList;
			buildConfigurations = (
				A551EB9329680F5500FF4279 /* Debug */,
				A551EB9429680F5500FF4279 /* Release */,
			);
			defaultConfigurationIsVisible = 0;
			defaultConfigurationName = Release;
		};
		A551EB9529680F5500FF4279 /* Build configuration list for PBXNativeTarget "FoodDeliveryUITests" */ = {
			isa = XCConfigurationList;
			buildConfigurations = (
				A551EB9629680F5500FF4279 /* Debug */,
				A551EB9729680F5500FF4279 /* Release */,
			);
			defaultConfigurationIsVisible = 0;
			defaultConfigurationName = Release;
		};
/* End XCConfigurationList section */

/* Begin XCVersionGroup section */
		A551EB6E29680F5300FF4279 /* FoodDelivery.xcdatamodeld */ = {
			isa = XCVersionGroup;
			children = (
				A551EB6F29680F5300FF4279 /* FoodDelivery.xcdatamodel */,
			);
			currentVersion = A551EB6F29680F5300FF4279 /* FoodDelivery.xcdatamodel */;
			path = FoodDelivery.xcdatamodeld;
			sourceTree = "<group>";
			versionGroupType = wrapper.xcdatamodel;
		};
/* End XCVersionGroup section */
	};
	rootObject = A551EB5A29680F5300FF4279 /* Project object */;
}
